
Microsoft Visual Studio Solution File, Format Version 12.00
# Visual Studio 15
VisualStudioVersion = 15.0.27130.2027
MinimumVisualStudioVersion = 10.0.40219.1
Project("{9A19103F-16F7-4668-BE54-9A1E7A4F7556}") = "CarAdCrawler", "CarAdCrawler\CarAdCrawler.csproj", "{A29C480F-8D27-4342-AA40-121DC98B80B8}"
EndProject
Project("{9A19103F-16F7-4668-BE54-9A1E7A4F7556}") = "CarAdCrawlerLogic", "CarAdCrawlerLogic\CarAdCrawlerLogic.csproj", "{3EEE7F1C-C5D9-40B0-B280-43C159A75A1D}"
EndProject
Global
	GlobalSection(SolutionConfigurationPlatforms) = preSolution
		Debug|Any CPU = Debug|Any CPU
		Release|Any CPU = Release|Any CPU
	EndGlobalSection
	GlobalSection(ProjectConfigurationPlatforms) = postSolution
		{A29C480F-8D27-4342-AA40-121DC98B80B8}.Debug|Any CPU.ActiveCfg = Debug|Any CPU
		{A29C480F-8D27-4342-AA40-121DC98B80B8}.Debug|Any CPU.Build.0 = Debug|Any CPU
		{A29C480F-8D27-4342-AA40-121DC98B80B8}.Release|Any CPU.ActiveCfg = Release|Any CPU
		{A29C480F-8D27-4342-AA40-121DC98B80B8}.Release|Any CPU.Build.0 = Release|Any CPU
		{3EEE7F1C-C5D9-40B0-B280-43C159A75A1D}.Debug|Any CPU.ActiveCfg = Debug|Any CPU
		{3EEE7F1C-C5D9-40B0-B280-43C159A75A1D}.Debug|Any CPU.Build.0 = Debug|Any CPU
		{3EEE7F1C-C5D9-40B0-B280-43C159A75A1D}.Release|Any CPU.ActiveCfg = Release|Any CPU
		{3EEE7F1C-C5D9-40B0-B280-43C159A75A1D}.Release|Any CPU.Build.0 = Release|Any CPU
	EndGlobalSection
	GlobalSection(SolutionProperties) = preSolution
		HideSolutionNode = FALSE
	EndGlobalSection
	GlobalSection(ExtensibilityGlobals) = postSolution
		SolutionGuid = {C2C5BE4D-F399-44B2-A2C5-2F98DE6270CF}
	EndGlobalSection
EndGlobal
